{
  "name": "moloni",
  "version": "1.0.0",
  "lockfileVersion": 2,
  "requires": true,
  "packages": {
    "": {
      "name": "moloni",
      "version": "1.0.0",
      "license": "ISC",
      "dependencies": {
        "moloni": "^0.0.10"
      }
    },
    "node_modules/moloni": {
      "version": "0.0.10",
      "resolved": "https://registry.npmjs.org/moloni/-/moloni-0.0.10.tgz",
      "integrity": "sha1-kKCLdSyvOxAHgLs+ItgldWrSbUQ=",
      "engines": [
        "node >=0.10.0"
      ],
      "dependencies": {
        "qs": "0.6.6"
      }
    },
    "node_modules/qs": {
      "version": "0.6.6",
      "resolved": "https://registry.npmjs.org/qs/-/qs-0.6.6.tgz",
      "integrity": "sha1-bgFQmP9RlouKPIGQAdXyyJvEsQc=",
      "engines": {
        "node": "*"
      }
    }
  },
  "dependencies": {
    "moloni": {
      "version": "0.0.10",
      "resolved": "https://registry.npmjs.org/moloni/-/moloni-0.0.10.tgz",
      "integrity": "sha1-kKCLdSyvOxAHgLs+ItgldWrSbUQ=",
      "requires": {
        "qs": "0.6.6"
      }
    },
    "qs": {
      "version": "0.6.6",
      "resolved": "https://registry.npmjs.org/qs/-/qs-0.6.6.tgz",
      "integrity": "sha1-bgFQmP9RlouKPIGQAdXyyJvEsQc="
    }
  }
}
